# This file is automatically @generated by Cargo.
# It is not intended for manual editing.
version = 3

[[package]]
name = "byteorder"
version = "1.4.3"
source = "registry+https://github.com/rust-lang/crates.io-index"
checksum = "14c189c53d098945499cdfa7ecc63567cf3886b3332b312a5b4585d8d3a6a610"

[[package]]
name = "lexer"
version = "0.1.0"

[[package]]
name = "parser"
version = "0.1.0"
dependencies = [
 "lexer",
]

[[package]]
name = "real"
version = "0.1.0"
dependencies = [
 "lexer",
 "parser",
 "typechecker",
 "vm",
]

[[package]]
name = "typechecker"
version = "0.1.0"
dependencies = [
 "parser",
]

[[package]]
name = "vm"
version = "0.1.0"
dependencies = [
 "byteorder",
]
